
Microsoft Visual Studio Solution File, Format Version 12.00
# Visual Studio Version 16
VisualStudioVersion = 16.0.30523.141
MinimumVisualStudioVersion = 10.0.40219.1
Project("{FAE04EC0-301F-11D3-BF4B-00C04F79EFBC}") = "13DialogResult", "13DialogResult.csproj", "{D4EFE607-5A4A-4616-B541-6437260A0B58}"
EndProject
Global
	GlobalSection(SolutionConfigurationPlatforms) = preSolution
		Debug|Any CPU = Debug|Any CPU
		Release|Any CPU = Release|Any CPU
	EndGlobalSection
	GlobalSection(ProjectConfigurationPlatforms) = postSolution
		{D4EFE607-5A4A-4616-B541-6437260A0B58}.Debug|Any CPU.ActiveCfg = Debug|Any CPU
		{D4EFE607-5A4A-4616-B541-6437260A0B58}.Debug|Any CPU.Build.0 = Debug|Any CPU
		{D4EFE607-5A4A-4616-B541-6437260A0B58}.Release|Any CPU.ActiveCfg = Release|Any CPU
		{D4EFE607-5A4A-4616-B541-6437260A0B58}.Release|Any CPU.Build.0 = Release|Any CPU
	EndGlobalSection
	GlobalSection(SolutionProperties) = preSolution
		HideSolutionNode = FALSE
	EndGlobalSection
	GlobalSection(ExtensibilityGlobals) = postSolution
		SolutionGuid = {AE081F78-AA93-47E5-B198-8D902772D59B}
	EndGlobalSection
EndGlobal
